
Microsoft Visual Studio Solution File, Format Version 12.00
# Visual Studio 14
VisualStudioVersion = 14.0.24720.0
MinimumVisualStudioVersion = 10.0.40219.1
Project("{262852C6-CD72-467D-83FE-5EEB1973A190}") = "Provider", "Provider.jsproj", "{5C9D5901-F9B2-4751-903E-47340A95204F}"
EndProject
Project("{9092AA53-FB77-4645-B42D-1CCCA6BD08BD}") = "Server", "..\Server\Server.njsproj", "{27D6DEA7-BAF6-4508-826A-C5BE98CC127C}"
EndProject
Project("{262852C6-CD72-467D-83FE-5EEB1973A190}") = "Operator", "..\Operator\Operator.jsproj", "{636978E6-D763-4594-821F-DF8FD4CB9A5F}"
EndProject
Project("{262852C6-CD72-467D-83FE-5EEB1973A190}") = "Customer", "..\Customer\Customer.jsproj", "{3FE17562-0E65-49BA-955F-7F90E7B6B04C}"
EndProject
Global
	GlobalSection(SolutionConfigurationPlatforms) = preSolution
		Debug|Android = Debug|Android
		Debug|Any CPU = Debug|Any CPU
		Debug|iOS = Debug|iOS
		Debug|Windows Phone (Universal) = Debug|Windows Phone (Universal)
		Debug|Windows Phone 8 = Debug|Windows Phone 8
		Debug|Windows-AnyCPU = Debug|Windows-AnyCPU
		Debug|Windows-ARM = Debug|Windows-ARM
		Debug|Windows-x64 = Debug|Windows-x64
		Debug|Windows-x86 = Debug|Windows-x86
		Release|Android = Release|Android
		Release|Any CPU = Release|Any CPU
		Release|iOS = Release|iOS
		Release|Windows Phone (Universal) = Release|Windows Phone (Universal)
		Release|Windows Phone 8 = Release|Windows Phone 8
		Release|Windows-AnyCPU = Release|Windows-AnyCPU
		Release|Windows-ARM = Release|Windows-ARM
		Release|Windows-x64 = Release|Windows-x64
		Release|Windows-x86 = Release|Windows-x86
	EndGlobalSection
	GlobalSection(ProjectConfigurationPlatforms) = postSolution
		{5C9D5901-F9B2-4751-903E-47340A95204F}.Debug|Android.ActiveCfg = Debug|Android
		{5C9D5901-F9B2-4751-903E-47340A95204F}.Debug|Android.Build.0 = Debug|Android
		{5C9D5901-F9B2-4751-903E-47340A95204F}.Debug|Android.Deploy.0 = Debug|Android
		{5C9D5901-F9B2-4751-903E-47340A95204F}.Debug|Any CPU.ActiveCfg = Debug|Android
		{5C9D5901-F9B2-4751-903E-47340A95204F}.Debug|iOS.ActiveCfg = Debug|iOS
		{5C9D5901-F9B2-4751-903E-47340A95204F}.Debug|iOS.Build.0 = Debug|iOS
		{5C9D5901-F9B2-4751-903E-47340A95204F}.Debug|iOS.Deploy.0 = Debug|iOS
		{5C9D5901-F9B2-4751-903E-47340A95204F}.Debug|Windows Phone (Universal).ActiveCfg = Debug|Windows Phone (Universal)
		{5C9D5901-F9B2-4751-903E-47340A95204F}.Debug|Windows Phone (Universal).Build.0 = Debug|Windows Phone (Universal)
		{5C9D5901-F9B2-4751-903E-47340A95204F}.Debug|Windows Phone (Universal).Deploy.0 = Debug|Windows Phone (Universal)
		{5C9D5901-F9B2-4751-903E-47340A95204F}.Debug|Windows Phone 8.ActiveCfg = Debug|Windows Phone 8
		{5C9D5901-F9B2-4751-903E-47340A95204F}.Debug|Windows Phone 8.Build.0 = Debug|Windows Phone 8
		{5C9D5901-F9B2-4751-903E-47340A95204F}.Debug|Windows Phone 8.Deploy.0 = Debug|Windows Phone 8
		{5C9D5901-F9B2-4751-903E-47340A95204F}.Debug|Windows-AnyCPU.ActiveCfg = Debug|Windows-AnyCPU
		{5C9D5901-F9B2-4751-903E-47340A95204F}.Debug|Windows-AnyCPU.Build.0 = Debug|Windows-AnyCPU
		{5C9D5901-F9B2-4751-903E-47340A95204F}.Debug|Windows-AnyCPU.Deploy.0 = Debug|Windows-AnyCPU
		{5C9D5901-F9B2-4751-903E-47340A95204F}.Debug|Windows-ARM.ActiveCfg = Debug|Windows-ARM
		{5C9D5901-F9B2-4751-903E-47340A95204F}.Debug|Windows-ARM.Build.0 = Debug|Windows-ARM
		{5C9D5901-F9B2-4751-903E-47340A95204F}.Debug|Windows-ARM.Deploy.0 = Debug|Windows-ARM
		{5C9D5901-F9B2-4751-903E-47340A95204F}.Debug|Windows-x64.ActiveCfg = Debug|Windows-x64
		{5C9D5901-F9B2-4751-903E-47340A95204F}.Debug|Windows-x64.Build.0 = Debug|Windows-x64
		{5C9D5901-F9B2-4751-903E-47340A95204F}.Debug|Windows-x64.Deploy.0 = Debug|Windows-x64
		{5C9D5901-F9B2-4751-903E-47340A95204F}.Debug|Windows-x86.ActiveCfg = Debug|Windows-x86
		{5C9D5901-F9B2-4751-903E-47340A95204F}.Debug|Windows-x86.Build.0 = Debug|Windows-x86
		{5C9D5901-F9B2-4751-903E-47340A95204F}.Debug|Windows-x86.Deploy.0 = Debug|Windows-x86
		{5C9D5901-F9B2-4751-903E-47340A95204F}.Release|Android.ActiveCfg = Release|Android
		{5C9D5901-F9B2-4751-903E-47340A95204F}.Release|Android.Build.0 = Release|Android
		{5C9D5901-F9B2-4751-903E-47340A95204F}.Release|Android.Deploy.0 = Release|Android
		{5C9D5901-F9B2-4751-903E-47340A95204F}.Release|Any CPU.ActiveCfg = Release|Android
		{5C9D5901-F9B2-4751-903E-47340A95204F}.Release|iOS.ActiveCfg = Release|iOS
		{5C9D5901-F9B2-4751-903E-47340A95204F}.Release|iOS.Build.0 = Release|iOS
		{5C9D5901-F9B2-4751-903E-47340A95204F}.Release|iOS.Deploy.0 = Release|iOS
		{5C9D5901-F9B2-4751-903E-47340A95204F}.Release|Windows Phone (Universal).ActiveCfg = Release|Windows Phone (Universal)
		{5C9D5901-F9B2-4751-903E-47340A95204F}.Release|Windows Phone (Universal).Build.0 = Release|Windows Phone (Universal)
		{5C9D5901-F9B2-4751-903E-47340A95204F}.Release|Windows Phone (Universal).Deploy.0 = Release|Windows Phone (Universal)
		{5C9D5901-F9B2-4751-903E-47340A95204F}.Release|Windows Phone 8.ActiveCfg = Release|Windows Phone 8
		{5C9D5901-F9B2-4751-903E-47340A95204F}.Release|Windows Phone 8.Build.0 = Release|Windows Phone 8
		{5C9D5901-F9B2-4751-903E-47340A95204F}.Release|Windows Phone 8.Deploy.0 = Release|Windows Phone 8
		{5C9D5901-F9B2-4751-903E-47340A95204F}.Release|Windows-AnyCPU.ActiveCfg = Release|Windows-AnyCPU
		{5C9D5901-F9B2-4751-903E-47340A95204F}.Release|Windows-AnyCPU.Build.0 = Release|Windows-AnyCPU
		{5C9D5901-F9B2-4751-903E-47340A95204F}.Release|Windows-AnyCPU.Deploy.0 = Release|Windows-AnyCPU
		{5C9D5901-F9B2-4751-903E-47340A95204F}.Release|Windows-ARM.ActiveCfg = Release|Windows-ARM
		{5C9D5901-F9B2-4751-903E-47340A95204F}.Release|Windows-ARM.Build.0 = Release|Windows-ARM
		{5C9D5901-F9B2-4751-903E-47340A95204F}.Release|Windows-ARM.Deploy.0 = Release|Windows-ARM
		{5C9D5901-F9B2-4751-903E-47340A95204F}.Release|Windows-x64.ActiveCfg = Release|Windows-x64
		{5C9D5901-F9B2-4751-903E-47340A95204F}.Release|Windows-x64.Build.0 = Release|Windows-x64
		{5C9D5901-F9B2-4751-903E-47340A95204F}.Release|Windows-x64.Deploy.0 = Release|Windows-x64
		{5C9D5901-F9B2-4751-903E-47340A95204F}.Release|Windows-x86.ActiveCfg = Release|Windows-x86
		{5C9D5901-F9B2-4751-903E-47340A95204F}.Release|Windows-x86.Build.0 = Release|Windows-x86
		{5C9D5901-F9B2-4751-903E-47340A95204F}.Release|Windows-x86.Deploy.0 = Release|Windows-x86
		{27D6DEA7-BAF6-4508-826A-C5BE98CC127C}.Debug|Android.ActiveCfg = Debug|Any CPU
		{27D6DEA7-BAF6-4508-826A-C5BE98CC127C}.Debug|Android.Build.0 = Debug|Any CPU
		{27D6DEA7-BAF6-4508-826A-C5BE98CC127C}.Debug|Any CPU.ActiveCfg = Debug|Any CPU
		{27D6DEA7-BAF6-4508-826A-C5BE98CC127C}.Debug|Any CPU.Build.0 = Debug|Any CPU
		{27D6DEA7-BAF6-4508-826A-C5BE98CC127C}.Debug|iOS.ActiveCfg = Debug|Any CPU
		{27D6DEA7-BAF6-4508-826A-C5BE98CC127C}.Debug|iOS.Build.0 = Debug|Any CPU
		{27D6DEA7-BAF6-4508-826A-C5BE98CC127C}.Debug|Windows Phone (Universal).ActiveCfg = Debug|Any CPU
		{27D6DEA7-BAF6-4508-826A-C5BE98CC127C}.Debug|Windows Phone (Universal).Build.0 = Debug|Any CPU
		{27D6DEA7-BAF6-4508-826A-C5BE98CC127C}.Debug|Windows Phone 8.ActiveCfg = Debug|Any CPU
		{27D6DEA7-BAF6-4508-826A-C5BE98CC127C}.Debug|Windows Phone 8.Build.0 = Debug|Any CPU
		{27D6DEA7-BAF6-4508-826A-C5BE98CC127C}.Debug|Windows-AnyCPU.ActiveCfg = Debug|Any CPU
		{27D6DEA7-BAF6-4508-826A-C5BE98CC127C}.Debug|Windows-AnyCPU.Build.0 = Debug|Any CPU
		{27D6DEA7-BAF6-4508-826A-C5BE98CC127C}.Debug|Windows-ARM.ActiveCfg = Debug|Any CPU
		{27D6DEA7-BAF6-4508-826A-C5BE98CC127C}.Debug|Windows-ARM.Build.0 = Debug|Any CPU
		{27D6DEA7-BAF6-4508-826A-C5BE98CC127C}.Debug|Windows-x64.ActiveCfg = Debug|Any CPU
		{27D6DEA7-BAF6-4508-826A-C5BE98CC127C}.Debug|Windows-x64.Build.0 = Debug|Any CPU
		{27D6DEA7-BAF6-4508-826A-C5BE98CC127C}.Debug|Windows-x86.ActiveCfg = Debug|Any CPU
		{27D6DEA7-BAF6-4508-826A-C5BE98CC127C}.Debug|Windows-x86.Build.0 = Debug|Any CPU
		{27D6DEA7-BAF6-4508-826A-C5BE98CC127C}.Release|Android.ActiveCfg = Release|Any CPU
		{27D6DEA7-BAF6-4508-826A-C5BE98CC127C}.Release|Android.Build.0 = Release|Any CPU
		{27D6DEA7-BAF6-4508-826A-C5BE98CC127C}.Release|Any CPU.ActiveCfg = Release|Any CPU
		{27D6DEA7-BAF6-4508-826A-C5BE98CC127C}.Release|Any CPU.Build.0 = Release|Any CPU
		{27D6DEA7-BAF6-4508-826A-C5BE98CC127C}.Release|iOS.ActiveCfg = Release|Any CPU
		{27D6DEA7-BAF6-4508-826A-C5BE98CC127C}.Release|iOS.Build.0 = Release|Any CPU
		{27D6DEA7-BAF6-4508-826A-C5BE98CC127C}.Release|Windows Phone (Universal).ActiveCfg = Release|Any CPU
		{27D6DEA7-BAF6-4508-826A-C5BE98CC127C}.Release|Windows Phone (Universal).Build.0 = Release|Any CPU
		{27D6DEA7-BAF6-4508-826A-C5BE98CC127C}.Release|Windows Phone 8.ActiveCfg = Release|Any CPU
		{27D6DEA7-BAF6-4508-826A-C5BE98CC127C}.Release|Windows Phone 8.Build.0 = Release|Any CPU
		{27D6DEA7-BAF6-4508-826A-C5BE98CC127C}.Release|Windows-AnyCPU.ActiveCfg = Release|Any CPU
		{27D6DEA7-BAF6-4508-826A-C5BE98CC127C}.Release|Windows-AnyCPU.Build.0 = Release|Any CPU
		{27D6DEA7-BAF6-4508-826A-C5BE98CC127C}.Release|Windows-ARM.ActiveCfg = Release|Any CPU
		{27D6DEA7-BAF6-4508-826A-C5BE98CC127C}.Release|Windows-ARM.Build.0 = Release|Any CPU
		{27D6DEA7-BAF6-4508-826A-C5BE98CC127C}.Release|Windows-x64.ActiveCfg = Release|Any CPU
		{27D6DEA7-BAF6-4508-826A-C5BE98CC127C}.Release|Windows-x64.Build.0 = Release|Any CPU
		{27D6DEA7-BAF6-4508-826A-C5BE98CC127C}.Release|Windows-x86.ActiveCfg = Release|Any CPU
		{27D6DEA7-BAF6-4508-826A-C5BE98CC127C}.Release|Windows-x86.Build.0 = Release|Any CPU
		{636978E6-D763-4594-821F-DF8FD4CB9A5F}.Debug|Android.ActiveCfg = Debug|Android
		{636978E6-D763-4594-821F-DF8FD4CB9A5F}.Debug|Android.Build.0 = Debug|Android
		{636978E6-D763-4594-821F-DF8FD4CB9A5F}.Debug|Android.Deploy.0 = Debug|Android
		{636978E6-D763-4594-821F-DF8FD4CB9A5F}.Debug|Any CPU.ActiveCfg = Debug|Android
		{636978E6-D763-4594-821F-DF8FD4CB9A5F}.Debug|iOS.ActiveCfg = Debug|iOS
		{636978E6-D763-4594-821F-DF8FD4CB9A5F}.Debug|iOS.Build.0 = Debug|iOS
		{636978E6-D763-4594-821F-DF8FD4CB9A5F}.Debug|iOS.Deploy.0 = Debug|iOS
		{636978E6-D763-4594-821F-DF8FD4CB9A5F}.Debug|Windows Phone (Universal).ActiveCfg = Debug|Windows Phone (Universal)
		{636978E6-D763-4594-821F-DF8FD4CB9A5F}.Debug|Windows Phone (Universal).Build.0 = Debug|Windows Phone (Universal)
		{636978E6-D763-4594-821F-DF8FD4CB9A5F}.Debug|Windows Phone (Universal).Deploy.0 = Debug|Windows Phone (Universal)
		{636978E6-D763-4594-821F-DF8FD4CB9A5F}.Debug|Windows Phone 8.ActiveCfg = Debug|Windows Phone 8
		{636978E6-D763-4594-821F-DF8FD4CB9A5F}.Debug|Windows Phone 8.Build.0 = Debug|Windows Phone 8
		{636978E6-D763-4594-821F-DF8FD4CB9A5F}.Debug|Windows Phone 8.Deploy.0 = Debug|Windows Phone 8
		{636978E6-D763-4594-821F-DF8FD4CB9A5F}.Debug|Windows-AnyCPU.ActiveCfg = Debug|Windows-AnyCPU
		{636978E6-D763-4594-821F-DF8FD4CB9A5F}.Debug|Windows-AnyCPU.Build.0 = Debug|Windows-AnyCPU
		{636978E6-D763-4594-821F-DF8FD4CB9A5F}.Debug|Windows-AnyCPU.Deploy.0 = Debug|Windows-AnyCPU
		{636978E6-D763-4594-821F-DF8FD4CB9A5F}.Debug|Windows-ARM.ActiveCfg = Debug|Windows-ARM
		{636978E6-D763-4594-821F-DF8FD4CB9A5F}.Debug|Windows-ARM.Build.0 = Debug|Windows-ARM
		{636978E6-D763-4594-821F-DF8FD4CB9A5F}.Debug|Windows-ARM.Deploy.0 = Debug|Windows-ARM
		{636978E6-D763-4594-821F-DF8FD4CB9A5F}.Debug|Windows-x64.ActiveCfg = Debug|Windows-x64
		{636978E6-D763-4594-821F-DF8FD4CB9A5F}.Debug|Windows-x64.Build.0 = Debug|Windows-x64
		{636978E6-D763-4594-821F-DF8FD4CB9A5F}.Debug|Windows-x64.Deploy.0 = Debug|Windows-x64
		{636978E6-D763-4594-821F-DF8FD4CB9A5F}.Debug|Windows-x86.ActiveCfg = Debug|Windows-x86
		{636978E6-D763-4594-821F-DF8FD4CB9A5F}.Debug|Windows-x86.Build.0 = Debug|Windows-x86
		{636978E6-D763-4594-821F-DF8FD4CB9A5F}.Debug|Windows-x86.Deploy.0 = Debug|Windows-x86
		{636978E6-D763-4594-821F-DF8FD4CB9A5F}.Release|Android.ActiveCfg = Release|Android
		{636978E6-D763-4594-821F-DF8FD4CB9A5F}.Release|Android.Build.0 = Release|Android
		{636978E6-D763-4594-821F-DF8FD4CB9A5F}.Release|Android.Deploy.0 = Release|Android
		{636978E6-D763-4594-821F-DF8FD4CB9A5F}.Release|Any CPU.ActiveCfg = Release|Android
		{636978E6-D763-4594-821F-DF8FD4CB9A5F}.Release|iOS.ActiveCfg = Release|iOS
		{636978E6-D763-4594-821F-DF8FD4CB9A5F}.Release|iOS.Build.0 = Release|iOS
		{636978E6-D763-4594-821F-DF8FD4CB9A5F}.Release|iOS.Deploy.0 = Release|iOS
		{636978E6-D763-4594-821F-DF8FD4CB9A5F}.Release|Windows Phone (Universal).ActiveCfg = Release|Windows Phone (Universal)
		{636978E6-D763-4594-821F-DF8FD4CB9A5F}.Release|Windows Phone (Universal).Build.0 = Release|Windows Phone (Universal)
		{636978E6-D763-4594-821F-DF8FD4CB9A5F}.Release|Windows Phone (Universal).Deploy.0 = Release|Windows Phone (Universal)
		{636978E6-D763-4594-821F-DF8FD4CB9A5F}.Release|Windows Phone 8.ActiveCfg = Release|Windows Phone 8
		{636978E6-D763-4594-821F-DF8FD4CB9A5F}.Release|Windows Phone 8.Build.0 = Release|Windows Phone 8
		{636978E6-D763-4594-821F-DF8FD4CB9A5F}.Release|Windows Phone 8.Deploy.0 = Release|Windows Phone 8
		{636978E6-D763-4594-821F-DF8FD4CB9A5F}.Release|Windows-AnyCPU.ActiveCfg = Release|Windows-AnyCPU
		{636978E6-D763-4594-821F-DF8FD4CB9A5F}.Release|Windows-AnyCPU.Build.0 = Release|Windows-AnyCPU
		{636978E6-D763-4594-821F-DF8FD4CB9A5F}.Release|Windows-AnyCPU.Deploy.0 = Release|Windows-AnyCPU
		{636978E6-D763-4594-821F-DF8FD4CB9A5F}.Release|Windows-ARM.ActiveCfg = Release|Windows-ARM
		{636978E6-D763-4594-821F-DF8FD4CB9A5F}.Release|Windows-ARM.Build.0 = Release|Windows-ARM
		{636978E6-D763-4594-821F-DF8FD4CB9A5F}.Release|Windows-ARM.Deploy.0 = Release|Windows-ARM
		{636978E6-D763-4594-821F-DF8FD4CB9A5F}.Release|Windows-x64.ActiveCfg = Release|Windows-x64
		{636978E6-D763-4594-821F-DF8FD4CB9A5F}.Release|Windows-x64.Build.0 = Release|Windows-x64
		{636978E6-D763-4594-821F-DF8FD4CB9A5F}.Release|Windows-x64.Deploy.0 = Release|Windows-x64
		{636978E6-D763-4594-821F-DF8FD4CB9A5F}.Release|Windows-x86.ActiveCfg = Release|Windows-x86
		{636978E6-D763-4594-821F-DF8FD4CB9A5F}.Release|Windows-x86.Build.0 = Release|Windows-x86
		{636978E6-D763-4594-821F-DF8FD4CB9A5F}.Release|Windows-x86.Deploy.0 = Release|Windows-x86
		{3FE17562-0E65-49BA-955F-7F90E7B6B04C}.Debug|Android.ActiveCfg = Debug|Android
		{3FE17562-0E65-49BA-955F-7F90E7B6B04C}.Debug|Android.Build.0 = Debug|Android
		{3FE17562-0E65-49BA-955F-7F90E7B6B04C}.Debug|Android.Deploy.0 = Debug|Android
		{3FE17562-0E65-49BA-955F-7F90E7B6B04C}.Debug|Any CPU.ActiveCfg = Debug|Android
		{3FE17562-0E65-49BA-955F-7F90E7B6B04C}.Debug|iOS.ActiveCfg = Debug|iOS
		{3FE17562-0E65-49BA-955F-7F90E7B6B04C}.Debug|iOS.Build.0 = Debug|iOS
		{3FE17562-0E65-49BA-955F-7F90E7B6B04C}.Debug|iOS.Deploy.0 = Debug|iOS
		{3FE17562-0E65-49BA-955F-7F90E7B6B04C}.Debug|Windows Phone (Universal).ActiveCfg = Debug|Windows Phone (Universal)
		{3FE17562-0E65-49BA-955F-7F90E7B6B04C}.Debug|Windows Phone (Universal).Build.0 = Debug|Windows Phone (Universal)
		{3FE17562-0E65-49BA-955F-7F90E7B6B04C}.Debug|Windows Phone (Universal).Deploy.0 = Debug|Windows Phone (Universal)
		{3FE17562-0E65-49BA-955F-7F90E7B6B04C}.Debug|Windows Phone 8.ActiveCfg = Debug|Windows Phone 8
		{3FE17562-0E65-49BA-955F-7F90E7B6B04C}.Debug|Windows Phone 8.Build.0 = Debug|Windows Phone 8
		{3FE17562-0E65-49BA-955F-7F90E7B6B04C}.Debug|Windows Phone 8.Deploy.0 = Debug|Windows Phone 8
		{3FE17562-0E65-49BA-955F-7F90E7B6B04C}.Debug|Windows-AnyCPU.ActiveCfg = Debug|Windows-AnyCPU
		{3FE17562-0E65-49BA-955F-7F90E7B6B04C}.Debug|Windows-AnyCPU.Build.0 = Debug|Windows-AnyCPU
		{3FE17562-0E65-49BA-955F-7F90E7B6B04C}.Debug|Windows-AnyCPU.Deploy.0 = Debug|Windows-AnyCPU
		{3FE17562-0E65-49BA-955F-7F90E7B6B04C}.Debug|Windows-ARM.ActiveCfg = Debug|Windows-ARM
		{3FE17562-0E65-49BA-955F-7F90E7B6B04C}.Debug|Windows-ARM.Build.0 = Debug|Windows-ARM
		{3FE17562-0E65-49BA-955F-7F90E7B6B04C}.Debug|Windows-ARM.Deploy.0 = Debug|Windows-ARM
		{3FE17562-0E65-49BA-955F-7F90E7B6B04C}.Debug|Windows-x64.ActiveCfg = Debug|Windows-x64
		{3FE17562-0E65-49BA-955F-7F90E7B6B04C}.Debug|Windows-x64.Build.0 = Debug|Windows-x64
		{3FE17562-0E65-49BA-955F-7F90E7B6B04C}.Debug|Windows-x64.Deploy.0 = Debug|Windows-x64
		{3FE17562-0E65-49BA-955F-7F90E7B6B04C}.Debug|Windows-x86.ActiveCfg = Debug|Windows-x86
		{3FE17562-0E65-49BA-955F-7F90E7B6B04C}.Debug|Windows-x86.Build.0 = Debug|Windows-x86
		{3FE17562-0E65-49BA-955F-7F90E7B6B04C}.Debug|Windows-x86.Deploy.0 = Debug|Windows-x86
		{3FE17562-0E65-49BA-955F-7F90E7B6B04C}.Release|Android.ActiveCfg = Release|Android
		{3FE17562-0E65-49BA-955F-7F90E7B6B04C}.Release|Android.Build.0 = Release|Android
		{3FE17562-0E65-49BA-955F-7F90E7B6B04C}.Release|Android.Deploy.0 = Release|Android
		{3FE17562-0E65-49BA-955F-7F90E7B6B04C}.Release|Any CPU.ActiveCfg = Release|Android
		{3FE17562-0E65-49BA-955F-7F90E7B6B04C}.Release|iOS.ActiveCfg = Release|iOS
		{3FE17562-0E65-49BA-955F-7F90E7B6B04C}.Release|iOS.Build.0 = Release|iOS
		{3FE17562-0E65-49BA-955F-7F90E7B6B04C}.Release|iOS.Deploy.0 = Release|iOS
		{3FE17562-0E65-49BA-955F-7F90E7B6B04C}.Release|Windows Phone (Universal).ActiveCfg = Release|Windows Phone (Universal)
		{3FE17562-0E65-49BA-955F-7F90E7B6B04C}.Release|Windows Phone (Universal).Build.0 = Release|Windows Phone (Universal)
		{3FE17562-0E65-49BA-955F-7F90E7B6B04C}.Release|Windows Phone (Universal).Deploy.0 = Release|Windows Phone (Universal)
		{3FE17562-0E65-49BA-955F-7F90E7B6B04C}.Release|Windows Phone 8.ActiveCfg = Release|Windows Phone 8
		{3FE17562-0E65-49BA-955F-7F90E7B6B04C}.Release|Windows Phone 8.Build.0 = Release|Windows Phone 8
		{3FE17562-0E65-49BA-955F-7F90E7B6B04C}.Release|Windows Phone 8.Deploy.0 = Release|Windows Phone 8
		{3FE17562-0E65-49BA-955F-7F90E7B6B04C}.Release|Windows-AnyCPU.ActiveCfg = Release|Windows-AnyCPU
		{3FE17562-0E65-49BA-955F-7F90E7B6B04C}.Release|Windows-AnyCPU.Build.0 = Release|Windows-AnyCPU
		{3FE17562-0E65-49BA-955F-7F90E7B6B04C}.Release|Windows-AnyCPU.Deploy.0 = Release|Windows-AnyCPU
		{3FE17562-0E65-49BA-955F-7F90E7B6B04C}.Release|Windows-ARM.ActiveCfg = Release|Windows-ARM
		{3FE17562-0E65-49BA-955F-7F90E7B6B04C}.Release|Windows-ARM.Build.0 = Release|Windows-ARM
		{3FE17562-0E65-49BA-955F-7F90E7B6B04C}.Release|Windows-ARM.Deploy.0 = Release|Windows-ARM
		{3FE17562-0E65-49BA-955F-7F90E7B6B04C}.Release|Windows-x64.ActiveCfg = Release|Windows-x64
		{3FE17562-0E65-49BA-955F-7F90E7B6B04C}.Release|Windows-x64.Build.0 = Release|Windows-x64
		{3FE17562-0E65-49BA-955F-7F90E7B6B04C}.Release|Windows-x64.Deploy.0 = Release|Windows-x64
		{3FE17562-0E65-49BA-955F-7F90E7B6B04C}.Release|Windows-x86.ActiveCfg = Release|Windows-x86
		{3FE17562-0E65-49BA-955F-7F90E7B6B04C}.Release|Windows-x86.Build.0 = Release|Windows-x86
		{3FE17562-0E65-49BA-955F-7F90E7B6B04C}.Release|Windows-x86.Deploy.0 = Release|Windows-x86
	EndGlobalSection
	GlobalSection(SolutionProperties) = preSolution
		HideSolutionNode = FALSE
	EndGlobalSection
EndGlobal
